// !$*UTF8*$!
{
	archiveVersion = 1;
	classes = {
	};
	objectVersion = 48;
	objects = {

/* Begin PBXBuildFile section */
		13E94ACF1FD3704E006199CC /* ScoreViewController.swift in Sources */ = {isa = PBXBuildFile; fileRef = 13E94ACE1FD3704E006199CC /* ScoreViewController.swift */; };
		602236681FBE6A43007F6D9A /* ColoredMarker.swift in Sources */ = {isa = PBXBuildFile; fileRef = 602236671FBE6A43007F6D9A /* ColoredMarker.swift */; };
		6022366A1FBE7DAC007F6D9A /* Square.swift in Sources */ = {isa = PBXBuildFile; fileRef = 602236691FBE7DAC007F6D9A /* Square.swift */; };
		6022366D1FBE9751007F6D9A /* GridHandler.swift in Sources */ = {isa = PBXBuildFile; fileRef = 6022366C1FBE9751007F6D9A /* GridHandler.swift */; };
		602236701FBF62C7007F6D9A /* RundePoint.swift in Sources */ = {isa = PBXBuildFile; fileRef = 6022366F1FBF62C7007F6D9A /* RundePoint.swift */; };
		602236721FBF63AA007F6D9A /* SettingsHandler.swift in Sources */ = {isa = PBXBuildFile; fileRef = 602236711FBF63AA007F6D9A /* SettingsHandler.swift */; };
		602236741FBF6470007F6D9A /* SettingsViewController.swift in Sources */ = {isa = PBXBuildFile; fileRef = 602236731FBF6470007F6D9A /* SettingsViewController.swift */; };
		603B25DD1F7F425C00576962 /* MenuController.swift in Sources */ = {isa = PBXBuildFile; fileRef = 603B25DC1F7F425C00576962 /* MenuController.swift */; };
		603B25DF1F7F43C900576962 /* HostController.swift in Sources */ = {isa = PBXBuildFile; fileRef = 603B25DE1F7F43C900576962 /* HostController.swift */; };
		603B25E11F7F43F300576962 /* JoinController.swift in Sources */ = {isa = PBXBuildFile; fileRef = 603B25E01F7F43F300576962 /* JoinController.swift */; };
		603B25E31F7F4CC900576962 /* HelpController.swift in Sources */ = {isa = PBXBuildFile; fileRef = 603B25E21F7F4CC900576962 /* HelpController.swift */; };
		604917091FD7C0B100D98D53 /* Connectivity.swift in Sources */ = {isa = PBXBuildFile; fileRef = 604917081FD7C0B100D98D53 /* Connectivity.swift */; };
		60FA49FA1F7EE15000C19574 /* AppDelegate.swift in Sources */ = {isa = PBXBuildFile; fileRef = 60FA49F91F7EE15000C19574 /* AppDelegate.swift */; };
		60FA49FC1F7EE15000C19574 /* SignInController.swift in Sources */ = {isa = PBXBuildFile; fileRef = 60FA49FB1F7EE15000C19574 /* SignInController.swift */; };
		60FA49FF1F7EE15000C19574 /* Main.storyboard in Resources */ = {isa = PBXBuildFile; fileRef = 60FA49FD1F7EE15000C19574 /* Main.storyboard */; };
		60FA4A011F7EE15000C19574 /* Assets.xcassets in Resources */ = {isa = PBXBuildFile; fileRef = 60FA4A001F7EE15000C19574 /* Assets.xcassets */; };
		60FA4A041F7EE15000C19574 /* LaunchScreen.storyboard in Resources */ = {isa = PBXBuildFile; fileRef = 60FA4A021F7EE15000C19574 /* LaunchScreen.storyboard */; };
		60FA4A0F1F7EE15000C19574 /* RundezvousS4Tests.swift in Sources */ = {isa = PBXBuildFile; fileRef = 60FA4A0E1F7EE15000C19574 /* RundezvousS4Tests.swift */; };
		60FA4A1E1F7EEBAB00C19574 /* AuthProvider.swift in Sources */ = {isa = PBXBuildFile; fileRef = 60FA4A1D1F7EEBAB00C19574 /* AuthProvider.swift */; };
		60FA4A211F7EF17C00C19574 /* MapController.swift in Sources */ = {isa = PBXBuildFile; fileRef = 60FA4A201F7EF17C00C19574 /* MapController.swift */; };
		60FA4A231F7EF1EE00C19574 /* GoogleService-Info.plist in Resources */ = {isa = PBXBuildFile; fileRef = 60FA4A221F7EF1ED00C19574 /* GoogleService-Info.plist */; };
		A512B930C5A2C7D40358301E /* Pods_RundezvousS4.framework in Frameworks */ = {isa = PBXBuildFile; fileRef = 475CF75CE047C7398390185E /* Pods_RundezvousS4.framework */; };
		C1141E0AFE01C5DD052B72A9 /* Pods_RundezvousS4Tests.framework in Frameworks */ = {isa = PBXBuildFile; fileRef = A19AD9FA77FA86A8E87685BC /* Pods_RundezvousS4Tests.framework */; };
/* End PBXBuildFile section */

/* Begin PBXContainerItemProxy section */
		60FA4A0B1F7EE15000C19574 /* PBXContainerItemProxy */ = {
			isa = PBXContainerItemProxy;
			containerPortal = 60FA49EE1F7EE15000C19574 /* Project object */;
			proxyType = 1;
			remoteGlobalIDString = 60FA49F51F7EE15000C19574;
			remoteInfo = RundezvousS4;
		};
/* End PBXContainerItemProxy section */

/* Begin PBXFileReference section */
		13E94ACE1FD3704E006199CC /* ScoreViewController.swift */ = {isa = PBXFileReference; lastKnownFileType = sourcecode.swift; path = ScoreViewController.swift; sourceTree = "<group>"; };
		475CF75CE047C7398390185E /* Pods_RundezvousS4.framework */ = {isa = PBXFileReference; explicitFileType = wrapper.framework; includeInIndex = 0; path = Pods_RundezvousS4.framework; sourceTree = BUILT_PRODUCTS_DIR; };
		602236671FBE6A43007F6D9A /* ColoredMarker.swift */ = {isa = PBXFileReference; lastKnownFileType = sourcecode.swift; path = ColoredMarker.swift; sourceTree = "<group>"; };
		602236691FBE7DAC007F6D9A /* Square.swift */ = {isa = PBXFileReference; lastKnownFileType = sourcecode.swift; path = Square.swift; sourceTree = "<group>"; };
		6022366C1FBE9751007F6D9A /* GridHandler.swift */ = {isa = PBXFileReference; lastKnownFileType = sourcecode.swift; path = GridHandler.swift; sourceTree = "<group>"; };
		6022366F1FBF62C7007F6D9A /* RundePoint.swift */ = {isa = PBXFileReference; lastKnownFileType = sourcecode.swift; path = RundePoint.swift; sourceTree = "<group>"; };
		602236711FBF63AA007F6D9A /* SettingsHandler.swift */ = {isa = PBXFileReference; lastKnownFileType = sourcecode.swift; path = SettingsHandler.swift; sourceTree = "<group>"; };
		602236731FBF6470007F6D9A /* SettingsViewController.swift */ = {isa = PBXFileReference; lastKnownFileType = sourcecode.swift; path = SettingsViewController.swift; sourceTree = "<group>"; };
		603B25DC1F7F425C00576962 /* MenuController.swift */ = {isa = PBXFileReference; lastKnownFileType = sourcecode.swift; path = MenuController.swift; sourceTree = "<group>"; };
		603B25DE1F7F43C900576962 /* HostController.swift */ = {isa = PBXFileReference; lastKnownFileType = sourcecode.swift; path = HostController.swift; sourceTree = "<group>"; };
		603B25E01F7F43F300576962 /* JoinController.swift */ = {isa = PBXFileReference; lastKnownFileType = sourcecode.swift; path = JoinController.swift; sourceTree = "<group>"; };
		603B25E21F7F4CC900576962 /* HelpController.swift */ = {isa = PBXFileReference; lastKnownFileType = sourcecode.swift; path = HelpController.swift; sourceTree = "<group>"; };
		604917081FD7C0B100D98D53 /* Connectivity.swift */ = {isa = PBXFileReference; fileEncoding = 4; lastKnownFileType = sourcecode.swift; path = Connectivity.swift; sourceTree = "<group>"; };
		60FA49F61F7EE15000C19574 /* RundezvousS4.app */ = {isa = PBXFileReference; explicitFileType = wrapper.application; includeInIndex = 0; path = RundezvousS4.app; sourceTree = BUILT_PRODUCTS_DIR; };
		60FA49F91F7EE15000C19574 /* AppDelegate.swift */ = {isa = PBXFileReference; lastKnownFileType = sourcecode.swift; path = AppDelegate.swift; sourceTree = "<group>"; };
		60FA49FB1F7EE15000C19574 /* SignInController.swift */ = {isa = PBXFileReference; lastKnownFileType = sourcecode.swift; path = SignInController.swift; sourceTree = "<group>"; };
		60FA49FE1F7EE15000C19574 /* Base */ = {isa = PBXFileReference; lastKnownFileType = file.storyboard; name = Base; path = Base.lproj/Main.storyboard; sourceTree = "<group>"; };
		60FA4A001F7EE15000C19574 /* Assets.xcassets */ = {isa = PBXFileReference; lastKnownFileType = folder.assetcatalog; path = Assets.xcassets; sourceTree = "<group>"; };
		60FA4A031F7EE15000C19574 /* Base */ = {isa = PBXFileReference; lastKnownFileType = file.storyboard; name = Base; path = Base.lproj/LaunchScreen.storyboard; sourceTree = "<group>"; };
		60FA4A051F7EE15000C19574 /* Info.plist */ = {isa = PBXFileReference; lastKnownFileType = text.plist.xml; path = Info.plist; sourceTree = "<group>"; };
		60FA4A0A1F7EE15000C19574 /* RundezvousS4Tests.xctest */ = {isa = PBXFileReference; explicitFileType = wrapper.cfbundle; includeInIndex = 0; path = RundezvousS4Tests.xctest; sourceTree = BUILT_PRODUCTS_DIR; };
		60FA4A0E1F7EE15000C19574 /* RundezvousS4Tests.swift */ = {isa = PBXFileReference; lastKnownFileType = sourcecode.swift; path = RundezvousS4Tests.swift; sourceTree = "<group>"; };
		60FA4A101F7EE15000C19574 /* Info.plist */ = {isa = PBXFileReference; lastKnownFileType = text.plist.xml; path = Info.plist; sourceTree = "<group>"; };
		60FA4A1D1F7EEBAB00C19574 /* AuthProvider.swift */ = {isa = PBXFileReference; lastKnownFileType = sourcecode.swift; path = AuthProvider.swift; sourceTree = "<group>"; };
		60FA4A201F7EF17C00C19574 /* MapController.swift */ = {isa = PBXFileReference; lastKnownFileType = sourcecode.swift; path = MapController.swift; sourceTree = "<group>"; };
		60FA4A221F7EF1ED00C19574 /* GoogleService-Info.plist */ = {isa = PBXFileReference; fileEncoding = 4; lastKnownFileType = text.plist.xml; path = "GoogleService-Info.plist"; sourceTree = SOURCE_ROOT; };
		61F18F914169B3129A177039 /* Pods-RundezvousS4Tests.debug.xcconfig */ = {isa = PBXFileReference; includeInIndex = 1; lastKnownFileType = text.xcconfig; name = "Pods-RundezvousS4Tests.debug.xcconfig"; path = "Pods/Target Support Files/Pods-RundezvousS4Tests/Pods-RundezvousS4Tests.debug.xcconfig"; sourceTree = "<group>"; };
		A19AD9FA77FA86A8E87685BC /* Pods_RundezvousS4Tests.framework */ = {isa = PBXFileReference; explicitFileType = wrapper.framework; includeInIndex = 0; path = Pods_RundezvousS4Tests.framework; sourceTree = BUILT_PRODUCTS_DIR; };
		C1909199D5F99D433E015EC6 /* Pods-RundezvousS4Tests.release.xcconfig */ = {isa = PBXFileReference; includeInIndex = 1; lastKnownFileType = text.xcconfig; name = "Pods-RundezvousS4Tests.release.xcconfig"; path = "Pods/Target Support Files/Pods-RundezvousS4Tests/Pods-RundezvousS4Tests.release.xcconfig"; sourceTree = "<group>"; };
		C68885788FDB5A36881E6184 /* Pods-RundezvousS4.debug.xcconfig */ = {isa = PBXFileReference; includeInIndex = 1; lastKnownFileType = text.xcconfig; name = "Pods-RundezvousS4.debug.xcconfig"; path = "Pods/Target Support Files/Pods-RundezvousS4/Pods-RundezvousS4.debug.xcconfig"; sourceTree = "<group>"; };
		F85E76589F0F4DE5D4D18778 /* Pods-RundezvousS4.release.xcconfig */ = {isa = PBXFileReference; includeInIndex = 1; lastKnownFileType = text.xcconfig; name = "Pods-RundezvousS4.release.xcconfig"; path = "Pods/Target Support Files/Pods-RundezvousS4/Pods-RundezvousS4.release.xcconfig"; sourceTree = "<group>"; };
/* End PBXFileReference section */

/* Begin PBXFrameworksBuildPhase section */
		60FA49F31F7EE15000C19574 /* Frameworks */ = {
			isa = PBXFrameworksBuildPhase;
			buildActionMask = 2147483647;
			files = (
				A512B930C5A2C7D40358301E /* Pods_RundezvousS4.framework in Frameworks */,
			);
			runOnlyForDeploymentPostprocessing = 0;
		};
		60FA4A071F7EE15000C19574 /* Frameworks */ = {
			isa = PBXFrameworksBuildPhase;
			buildActionMask = 2147483647;
			files = (
				C1141E0AFE01C5DD052B72A9 /* Pods_RundezvousS4Tests.framework in Frameworks */,
			);
			runOnlyForDeploymentPostprocessing = 0;
		};
/* End PBXFrameworksBuildPhase section */

/* Begin PBXGroup section */
		602236661FBE6A2D007F6D9A /* Models */ = {
			isa = PBXGroup;
			children = (
				602236671FBE6A43007F6D9A /* ColoredMarker.swift */,
				602236691FBE7DAC007F6D9A /* Square.swift */,
			);
			path = Models;
			sourceTree = "<group>";
		};
		6022366B1FBE973F007F6D9A /* Handlers */ = {
			isa = PBXGroup;
			children = (
				604917081FD7C0B100D98D53 /* Connectivity.swift */,
				6022366C1FBE9751007F6D9A /* GridHandler.swift */,
				602236711FBF63AA007F6D9A /* SettingsHandler.swift */,
			);
			path = Handlers;
			sourceTree = "<group>";
		};
		6022366E1FBF5E1A007F6D9A /* Views */ = {
			isa = PBXGroup;
			children = (
				6022366F1FBF62C7007F6D9A /* RundePoint.swift */,
			);
			path = Views;
			sourceTree = "<group>";
		};
		60FA49ED1F7EE15000C19574 = {
			isa = PBXGroup;
			children = (
				60FA49F81F7EE15000C19574 /* RundezvousS4 */,
				60FA4A0D1F7EE15000C19574 /* RundezvousS4Tests */,
				60FA49F71F7EE15000C19574 /* Products */,
				D702A8FCC91A1CF8DE5260CC /* Pods */,
				667E5C144AFF7CE198A430CB /* Frameworks */,
			);
			sourceTree = "<group>";
		};
		60FA49F71F7EE15000C19574 /* Products */ = {
			isa = PBXGroup;
			children = (
				60FA49F61F7EE15000C19574 /* RundezvousS4.app */,
				60FA4A0A1F7EE15000C19574 /* RundezvousS4Tests.xctest */,
			);
			name = Products;
			sourceTree = "<group>";
		};
		60FA49F81F7EE15000C19574 /* RundezvousS4 */ = {
			isa = PBXGroup;
			children = (
				6022366E1FBF5E1A007F6D9A /* Views */,
				6022366B1FBE973F007F6D9A /* Handlers */,
				602236661FBE6A2D007F6D9A /* Models */,
				60FA4A221F7EF1ED00C19574 /* GoogleService-Info.plist */,
				60FA4A1B1F7EEB7100C19574 /* Controllers */,
				60FA4A191F7EEB5E00C19574 /* Provider */,
				60FA49F91F7EE15000C19574 /* AppDelegate.swift */,
				60FA49FD1F7EE15000C19574 /* Main.storyboard */,
				60FA4A001F7EE15000C19574 /* Assets.xcassets */,
				60FA4A021F7EE15000C19574 /* LaunchScreen.storyboard */,
				60FA4A051F7EE15000C19574 /* Info.plist */,
			);
			path = RundezvousS4;
			sourceTree = "<group>";
		};
		60FA4A0D1F7EE15000C19574 /* RundezvousS4Tests */ = {
			isa = PBXGroup;
			children = (
				60FA4A0E1F7EE15000C19574 /* RundezvousS4Tests.swift */,
				60FA4A101F7EE15000C19574 /* Info.plist */,
			);
			path = RundezvousS4Tests;
			sourceTree = "<group>";
		};
		60FA4A191F7EEB5E00C19574 /* Provider */ = {
			isa = PBXGroup;
			children = (
				60FA4A1D1F7EEBAB00C19574 /* AuthProvider.swift */,
			);
			path = Provider;
			sourceTree = "<group>";
		};
		60FA4A1B1F7EEB7100C19574 /* Controllers */ = {
			isa = PBXGroup;
			children = (
				60FA49FB1F7EE15000C19574 /* SignInController.swift */,
				60FA4A201F7EF17C00C19574 /* MapController.swift */,
				603B25DC1F7F425C00576962 /* MenuController.swift */,
				603B25DE1F7F43C900576962 /* HostController.swift */,
				603B25E01F7F43F300576962 /* JoinController.swift */,
				603B25E21F7F4CC900576962 /* HelpController.swift */,
				602236731FBF6470007F6D9A /* SettingsViewController.swift */,
				13E94ACE1FD3704E006199CC /* ScoreViewController.swift */,
			);
			path = Controllers;
			sourceTree = "<group>";
		};
		667E5C144AFF7CE198A430CB /* Frameworks */ = {
			isa = PBXGroup;
			children = (
				475CF75CE047C7398390185E /* Pods_RundezvousS4.framework */,
				A19AD9FA77FA86A8E87685BC /* Pods_RundezvousS4Tests.framework */,
			);
			name = Frameworks;
			sourceTree = "<group>";
		};
		D702A8FCC91A1CF8DE5260CC /* Pods */ = {
			isa = PBXGroup;
			children = (
				C68885788FDB5A36881E6184 /* Pods-RundezvousS4.debug.xcconfig */,
				F85E76589F0F4DE5D4D18778 /* Pods-RundezvousS4.release.xcconfig */,
				61F18F914169B3129A177039 /* Pods-RundezvousS4Tests.debug.xcconfig */,
				C1909199D5F99D433E015EC6 /* Pods-RundezvousS4Tests.release.xcconfig */,
			);
			name = Pods;
			sourceTree = "<group>";
		};
/* End PBXGroup section */

/* Begin PBXNativeTarget section */
		60FA49F51F7EE15000C19574 /* RundezvousS4 */ = {
			isa = PBXNativeTarget;
			buildConfigurationList = 60FA4A131F7EE15000C19574 /* Build configuration list for PBXNativeTarget "RundezvousS4" */;
			buildPhases = (
				A339CC7BEBD29020099DBA74 /* [CP] Check Pods Manifest.lock */,
				60FA49F21F7EE15000C19574 /* Sources */,
				60FA49F31F7EE15000C19574 /* Frameworks */,
				60FA49F41F7EE15000C19574 /* Resources */,
				7E9A18F5CC9F87CE7ECC5FD1 /* [CP] Embed Pods Frameworks */,
				22DC9FE99C80C67C0D2B31EC /* [CP] Copy Pods Resources */,
			);
			buildRules = (
			);
			dependencies = (
			);
			name = RundezvousS4;
			productName = RundezvousS4;
			productReference = 60FA49F61F7EE15000C19574 /* RundezvousS4.app */;
			productType = "com.apple.product-type.application";
		};
		60FA4A091F7EE15000C19574 /* RundezvousS4Tests */ = {
			isa = PBXNativeTarget;
			buildConfigurationList = 60FA4A161F7EE15000C19574 /* Build configuration list for PBXNativeTarget "RundezvousS4Tests" */;
			buildPhases = (
				AC813E082ACFCB74E25AF529 /* [CP] Check Pods Manifest.lock */,
				60FA4A061F7EE15000C19574 /* Sources */,
				60FA4A071F7EE15000C19574 /* Frameworks */,
				60FA4A081F7EE15000C19574 /* Resources */,
				3FA4001EDE71F140276E7205 /* [CP] Embed Pods Frameworks */,
				D9D172C806B142FCBD38E52D /* [CP] Copy Pods Resources */,
			);
			buildRules = (
			);
			dependencies = (
				60FA4A0C1F7EE15000C19574 /* PBXTargetDependency */,
			);
			name = RundezvousS4Tests;
			productName = RundezvousS4Tests;
			productReference = 60FA4A0A1F7EE15000C19574 /* RundezvousS4Tests.xctest */;
			productType = "com.apple.product-type.bundle.unit-test";
		};
/* End PBXNativeTarget section */

/* Begin PBXProject section */
		60FA49EE1F7EE15000C19574 /* Project object */ = {
			isa = PBXProject;
			attributes = {
				LastSwiftUpdateCheck = 0900;
				LastUpgradeCheck = 0900;
				ORGANIZATIONNAME = Mobilux;
				TargetAttributes = {
					60FA49F51F7EE15000C19574 = {
						CreatedOnToolsVersion = 9.0;
						ProvisioningStyle = Automatic;
					};
					60FA4A091F7EE15000C19574 = {
						CreatedOnToolsVersion = 9.0;
						ProvisioningStyle = Automatic;
						TestTargetID = 60FA49F51F7EE15000C19574;
					};
				};
			};
			buildConfigurationList = 60FA49F11F7EE15000C19574 /* Build configuration list for PBXProject "RundezvousS4" */;
			compatibilityVersion = "Xcode 8.0";
			developmentRegion = en;
			hasScannedForEncodings = 0;
			knownRegions = (
				en,
				Base,
			);
			mainGroup = 60FA49ED1F7EE15000C19574;
			productRefGroup = 60FA49F71F7EE15000C19574 /* Products */;
			projectDirPath = "";
			projectRoot = "";
			targets = (
				60FA49F51F7EE15000C19574 /* RundezvousS4 */,
				60FA4A091F7EE15000C19574 /* RundezvousS4Tests */,
			);
		};
/* End PBXProject section */

/* Begin PBXResourcesBuildPhase section */
		60FA49F41F7EE15000C19574 /* Resources */ = {
			isa = PBXResourcesBuildPhase;
			buildActionMask = 2147483647;
			files = (
				60FA4A041F7EE15000C19574 /* LaunchScreen.storyboard in Resources */,
				60FA4A231F7EF1EE00C19574 /* GoogleService-Info.plist in Resources */,
				60FA4A011F7EE15000C19574 /* Assets.xcassets in Resources */,
				60FA49FF1F7EE15000C19574 /* Main.storyboard in Resources */,
			);
			runOnlyForDeploymentPostprocessing = 0;
		};
		60FA4A081F7EE15000C19574 /* Resources */ = {
			isa = PBXResourcesBuildPhase;
			buildActionMask = 2147483647;
			files = (
			);
			runOnlyForDeploymentPostprocessing = 0;
		};
/* End PBXResourcesBuildPhase section */

/* Begin PBXShellScriptBuildPhase section */
		22DC9FE99C80C67C0D2B31EC /* [CP] Copy Pods Resources */ = {
			isa = PBXShellScriptBuildPhase;
			buildActionMask = 2147483647;
			files = (
			);
			inputPaths = (
				"${SRCROOT}/Pods/Target Support Files/Pods-RundezvousS4/Pods-RundezvousS4-resources.sh",
				"${PODS_ROOT}/GoogleSignIn/Resources/GoogleSignIn.bundle",
			);
			name = "[CP] Copy Pods Resources";
			outputPaths = (
				"${TARGET_BUILD_DIR}/${UNLOCALIZED_RESOURCES_FOLDER_PATH}",
			);
			runOnlyForDeploymentPostprocessing = 0;
			shellPath = /bin/sh;
			shellScript = "\"${SRCROOT}/Pods/Target Support Files/Pods-RundezvousS4/Pods-RundezvousS4-resources.sh\"\n";
			showEnvVarsInLog = 0;
		};
		3FA4001EDE71F140276E7205 /* [CP] Embed Pods Frameworks */ = {
			isa = PBXShellScriptBuildPhase;
			buildActionMask = 2147483647;
			files = (
			);
			inputPaths = (
			);
			name = "[CP] Embed Pods Frameworks";
			outputPaths = (
			);
			runOnlyForDeploymentPostprocessing = 0;
			shellPath = /bin/sh;
			shellScript = "\"${SRCROOT}/Pods/Target Support Files/Pods-RundezvousS4Tests/Pods-RundezvousS4Tests-frameworks.sh\"\n";
			showEnvVarsInLog = 0;
		};
		7E9A18F5CC9F87CE7ECC5FD1 /* [CP] Embed Pods Frameworks */ = {
			isa = PBXShellScriptBuildPhase;
			buildActionMask = 2147483647;
			files = (
			);
			inputPaths = (
				"${SRCROOT}/Pods/Target Support Files/Pods-RundezvousS4/Pods-RundezvousS4-frameworks.sh",
				"${BUILT_PRODUCTS_DIR}/Alamofire/Alamofire.framework",
				"${BUILT_PRODUCTS_DIR}/GTMOAuth2/GTMOAuth2.framework",
				"${BUILT_PRODUCTS_DIR}/GTMSessionFetcher/GTMSessionFetcher.framework",
				"${BUILT_PRODUCTS_DIR}/GoogleToolboxForMac/GoogleToolboxForMac.framework",
				"${BUILT_PRODUCTS_DIR}/SwiftyJSON/SwiftyJSON.framework",
				"${BUILT_PRODUCTS_DIR}/leveldb-library/leveldb.framework",
				"${BUILT_PRODUCTS_DIR}/nanopb/nanopb.framework",
			);
			name = "[CP] Embed Pods Frameworks";
			outputPaths = (
				"${TARGET_BUILD_DIR}/${FRAMEWORKS_FOLDER_PATH}/Alamofire.framework",
				"${TARGET_BUILD_DIR}/${FRAMEWORKS_FOLDER_PATH}/GTMOAuth2.framework",
				"${TARGET_BUILD_DIR}/${FRAMEWORKS_FOLDER_PATH}/GTMSessionFetcher.framework",
				"${TARGET_BUILD_DIR}/${FRAMEWORKS_FOLDER_PATH}/GoogleToolboxForMac.framework",
				"${TARGET_BUILD_DIR}/${FRAMEWORKS_FOLDER_PATH}/SwiftyJSON.framework",
				"${TARGET_BUILD_DIR}/${FRAMEWORKS_FOLDER_PATH}/leveldb.framework",
				"${TARGET_BUILD_DIR}/${FRAMEWORKS_FOLDER_PATH}/nanopb.framework",
			);
			runOnlyForDeploymentPostprocessing = 0;
			shellPath = /bin/sh;
			shellScript = "\"${SRCROOT}/Pods/Target Support Files/Pods-RundezvousS4/Pods-RundezvousS4-frameworks.sh\"\n";
			showEnvVarsInLog = 0;
		};
		A339CC7BEBD29020099DBA74 /* [CP] Check Pods Manifest.lock */ = {
			isa = PBXShellScriptBuildPhase;
			buildActionMask = 2147483647;
			files = (
			);
			inputPaths = (
				"${PODS_PODFILE_DIR_PATH}/Podfile.lock",
				"${PODS_ROOT}/Manifest.lock",
			);
			name = "[CP] Check Pods Manifest.lock";
			outputPaths = (
				"$(DERIVED_FILE_DIR)/Pods-RundezvousS4-checkManifestLockResult.txt",
			);
			runOnlyForDeploymentPostprocessing = 0;
			shellPath = /bin/sh;
			shellScript = "diff \"${PODS_PODFILE_DIR_PATH}/Podfile.lock\" \"${PODS_ROOT}/Manifest.lock\" > /dev/null\nif [ $? != 0 ] ; then\n    # print error to STDERR\n    echo \"error: The sandbox is not in sync with the Podfile.lock. Run 'pod install' or update your CocoaPods installation.\" >&2\n    exit 1\nfi\n# This output is used by Xcode 'outputs' to avoid re-running this script phase.\necho \"SUCCESS\" > \"${SCRIPT_OUTPUT_FILE_0}\"\n";
			showEnvVarsInLog = 0;
		};
		AC813E082ACFCB74E25AF529 /* [CP] Check Pods Manifest.lock */ = {
			isa = PBXShellScriptBuildPhase;
			buildActionMask = 2147483647;
			files = (
			);
			inputPaths = (
				"${PODS_PODFILE_DIR_PATH}/Podfile.lock",
				"${PODS_ROOT}/Manifest.lock",
			);
			name = "[CP] Check Pods Manifest.lock";
			outputPaths = (
				"$(DERIVED_FILE_DIR)/Pods-RundezvousS4Tests-checkManifestLockResult.txt",
			);
			runOnlyForDeploymentPostprocessing = 0;
			shellPath = /bin/sh;
			shellScript = "diff \"${PODS_PODFILE_DIR_PATH}/Podfile.lock\" \"${PODS_ROOT}/Manifest.lock\" > /dev/null\nif [ $? != 0 ] ; then\n    # print error to STDERR\n    echo \"error: The sandbox is not in sync with the Podfile.lock. Run 'pod install' or update your CocoaPods installation.\" >&2\n    exit 1\nfi\n# This output is used by Xcode 'outputs' to avoid re-running this script phase.\necho \"SUCCESS\" > \"${SCRIPT_OUTPUT_FILE_0}\"\n";
			showEnvVarsInLog = 0;
		};
		D9D172C806B142FCBD38E52D /* [CP] Copy Pods Resources */ = {
			isa = PBXShellScriptBuildPhase;
			buildActionMask = 2147483647;
			files = (
			);
			inputPaths = (
			);
			name = "[CP] Copy Pods Resources";
			outputPaths = (
			);
			runOnlyForDeploymentPostprocessing = 0;
			shellPath = /bin/sh;
			shellScript = "\"${SRCROOT}/Pods/Target Support Files/Pods-RundezvousS4Tests/Pods-RundezvousS4Tests-resources.sh\"\n";
			showEnvVarsInLog = 0;
		};
/* End PBXShellScriptBuildPhase section */

/* Begin PBXSourcesBuildPhase section */
		60FA49F21F7EE15000C19574 /* Sources */ = {
			isa = PBXSourcesBuildPhase;
			buildActionMask = 2147483647;
			files = (
				6022366A1FBE7DAC007F6D9A /* Square.swift in Sources */,
				603B25DD1F7F425C00576962 /* MenuController.swift in Sources */,
				13E94ACF1FD3704E006199CC /* ScoreViewController.swift in Sources */,
				60FA4A211F7EF17C00C19574 /* MapController.swift in Sources */,
				602236701FBF62C7007F6D9A /* RundePoint.swift in Sources */,
				60FA4A1E1F7EEBAB00C19574 /* AuthProvider.swift in Sources */,
				6022366D1FBE9751007F6D9A /* GridHandler.swift in Sources */,
				603B25DF1F7F43C900576962 /* HostController.swift in Sources */,
				603B25E31F7F4CC900576962 /* HelpController.swift in Sources */,
				603B25E11F7F43F300576962 /* JoinController.swift in Sources */,
				602236741FBF6470007F6D9A /* SettingsViewController.swift in Sources */,
				602236721FBF63AA007F6D9A /* SettingsHandler.swift in Sources */,
				604917091FD7C0B100D98D53 /* Connectivity.swift in Sources */,
				602236681FBE6A43007F6D9A /* ColoredMarker.swift in Sources */,
				60FA49FC1F7EE15000C19574 /* SignInController.swift in Sources */,
				60FA49FA1F7EE15000C19574 /* AppDelegate.swift in Sources */,
			);
			runOnlyForDeploymentPostprocessing = 0;
		};
		60FA4A061F7EE15000C19574 /* Sources */ = {
			isa = PBXSourcesBuildPhase;
			buildActionMask = 2147483647;
			files = (
				60FA4A0F1F7EE15000C19574 /* RundezvousS4Tests.swift in Sources */,
			);
			runOnlyForDeploymentPostprocessing = 0;
		};
/* End PBXSourcesBuildPhase section */

/* Begin PBXTargetDependency section */
		60FA4A0C1F7EE15000C19574 /* PBXTargetDependency */ = {
			isa = PBXTargetDependency;
			target = 60FA49F51F7EE15000C19574 /* RundezvousS4 */;
			targetProxy = 60FA4A0B1F7EE15000C19574 /* PBXContainerItemProxy */;
		};
/* End PBXTargetDependency section */

/* Begin PBXVariantGroup section */
		60FA49FD1F7EE15000C19574 /* Main.storyboard */ = {
			isa = PBXVariantGroup;
			children = (
				60FA49FE1F7EE15000C19574 /* Base */,
			);
			name = Main.storyboard;
			sourceTree = "<group>";
		};
		60FA4A021F7EE15000C19574 /* LaunchScreen.storyboard */ = {
			isa = PBXVariantGroup;
			children = (
				60FA4A031F7EE15000C19574 /* Base */,
			);
			name = LaunchScreen.storyboard;
			sourceTree = "<group>";
		};
/* End PBXVariantGroup section */

/* Begin XCBuildConfiguration section */
		60FA4A111F7EE15000C19574 /* Debug */ = {
			isa = XCBuildConfiguration;
			buildSettings = {
				ALWAYS_SEARCH_USER_PATHS = NO;
				CLANG_ANALYZER_NONNULL = YES;
				CLANG_ANALYZER_NUMBER_OBJECT_CONVERSION = YES_AGGRESSIVE;
				CLANG_CXX_LANGUAGE_STANDARD = "gnu++14";
				CLANG_CXX_LIBRARY = "libc++";
				CLANG_ENABLE_MODULES = YES;
				CLANG_ENABLE_OBJC_ARC = YES;
				CLANG_WARN_BLOCK_CAPTURE_AUTORELEASING = YES;
				CLANG_WARN_BOOL_CONVERSION = YES;
				CLANG_WARN_COMMA = YES;
				CLANG_WARN_CONSTANT_CONVERSION = YES;
				CLANG_WARN_DIRECT_OBJC_ISA_USAGE = YES_ERROR;
				CLANG_WARN_DOCUMENTATION_COMMENTS = YES;
				CLANG_WARN_EMPTY_BODY = YES;
				CLANG_WARN_ENUM_CONVERSION = YES;
				CLANG_WARN_INFINITE_RECURSION = YES;
				CLANG_WARN_INT_CONVERSION = YES;
				CLANG_WARN_NON_LITERAL_NULL_CONVERSION = YES;
				CLANG_WARN_OBJC_LITERAL_CONVERSION = YES;
				CLANG_WARN_OBJC_ROOT_CLASS = YES_ERROR;
				CLANG_WARN_RANGE_LOOP_ANALYSIS = YES;
				CLANG_WARN_STRICT_PROTOTYPES = YES;
				CLANG_WARN_SUSPICIOUS_MOVE = YES;
				CLANG_WARN_UNGUARDED_AVAILABILITY = YES_AGGRESSIVE;
				CLANG_WARN_UNREACHABLE_CODE = YES;
				CLANG_WARN__DUPLICATE_METHOD_MATCH = YES;
				CODE_SIGN_IDENTITY = "iPhone Developer";
				COPY_PHASE_STRIP = NO;
				DEBUG_INFORMATION_FORMAT = dwarf;
				ENABLE_STRICT_OBJC_MSGSEND = YES;
				ENABLE_TESTABILITY = YES;
				GCC_C_LANGUAGE_STANDARD = gnu11;
				GCC_DYNAMIC_NO_PIC = NO;
				GCC_NO_COMMON_BLOCKS = YES;
				GCC_OPTIMIZATION_LEVEL = 0;
				GCC_PREPROCESSOR_DEFINITIONS = (
					"DEBUG=1",
					"$(inherited)",
				);
				GCC_WARN_64_TO_32_BIT_CONVERSION = YES;
				GCC_WARN_ABOUT_RETURN_TYPE = YES_ERROR;
				GCC_WARN_UNDECLARED_SELECTOR = YES;
				GCC_WARN_UNINITIALIZED_AUTOS = YES_AGGRESSIVE;
				GCC_WARN_UNUSED_FUNCTION = YES;
				GCC_WARN_UNUSED_VARIABLE = YES;
				IPHONEOS_DEPLOYMENT_TARGET = 11.0;
				MTL_ENABLE_DEBUG_INFO = YES;
				ONLY_ACTIVE_ARCH = YES;
				SDKROOT = iphoneos;
				SWIFT_ACTIVE_COMPILATION_CONDITIONS = DEBUG;
				SWIFT_OPTIMIZATION_LEVEL = "-Onone";
			};
			name = Debug;
		};
		60FA4A121F7EE15000C19574 /* Release */ = {
			isa = XCBuildConfiguration;
			buildSettings = {
				ALWAYS_SEARCH_USER_PATHS = NO;
				CLANG_ANALYZER_NONNULL = YES;
				CLANG_ANALYZER_NUMBER_OBJECT_CONVERSION = YES_AGGRESSIVE;
				CLANG_CXX_LANGUAGE_STANDARD = "gnu++14";
				CLANG_CXX_LIBRARY = "libc++";
				CLANG_ENABLE_MODULES = YES;
				CLANG_ENABLE_OBJC_ARC = YES;
				CLANG_WARN_BLOCK_CAPTURE_AUTORELEASING = YES;
				CLANG_WARN_BOOL_CONVERSION = YES;
				CLANG_WARN_COMMA = YES;
				CLANG_WARN_CONSTANT_CONVERSION = YES;
				CLANG_WARN_DIRECT_OBJC_ISA_USAGE = YES_ERROR;
				CLANG_WARN_DOCUMENTATION_COMMENTS = YES;
				CLANG_WARN_EMPTY_BODY = YES;
				CLANG_WARN_ENUM_CONVERSION = YES;
				CLANG_WARN_INFINITE_RECURSION = YES;
				CLANG_WARN_INT_CONVERSION = YES;
				CLANG_WARN_NON_LITERAL_NULL_CONVERSION = YES;
				CLANG_WARN_OBJC_LITERAL_CONVERSION = YES;
				CLANG_WARN_OBJC_ROOT_CLASS = YES_ERROR;
				CLANG_WARN_RANGE_LOOP_ANALYSIS = YES;
				CLANG_WARN_STRICT_PROTOTYPES = YES;
				CLANG_WARN_SUSPICIOUS_MOVE = YES;
				CLANG_WARN_UNGUARDED_AVAILABILITY = YES_AGGRESSIVE;
				CLANG_WARN_UNREACHABLE_CODE = YES;
				CLANG_WARN__DUPLICATE_METHOD_MATCH = YES;
				CODE_SIGN_IDENTITY = "iPhone Developer";
				COPY_PHASE_STRIP = NO;
				DEBUG_INFORMATION_FORMAT = "dwarf-with-dsym";
				ENABLE_NS_ASSERTIONS = NO;
				ENABLE_STRICT_OBJC_MSGSEND = YES;
				GCC_C_LANGUAGE_STANDARD = gnu11;
				GCC_NO_COMMON_BLOCKS = YES;
				GCC_WARN_64_TO_32_BIT_CONVERSION = YES;
				GCC_WARN_ABOUT_RETURN_TYPE = YES_ERROR;
				GCC_WARN_UNDECLARED_SELECTOR = YES;
				GCC_WARN_UNINITIALIZED_AUTOS = YES_AGGRESSIVE;
				GCC_WARN_UNUSED_FUNCTION = YES;
				GCC_WARN_UNUSED_VARIABLE = YES;
				IPHONEOS_DEPLOYMENT_TARGET = 11.0;
				MTL_ENABLE_DEBUG_INFO = NO;
				SDKROOT = iphoneos;
				SWIFT_OPTIMIZATION_LEVEL = "-Owholemodule";
				VALIDATE_PRODUCT = YES;
			};
			name = Release;
		};
		60FA4A141F7EE15000C19574 /* Debug */ = {
			isa = XCBuildConfiguration;
			baseConfigurationReference = C68885788FDB5A36881E6184 /* Pods-RundezvousS4.debug.xcconfig */;
			buildSettings = {
				ASSETCATALOG_COMPILER_APPICON_NAME = AppIcon;
				"CODE_SIGN_IDENTITY[sdk=iphoneos*]" = "iPhone Developer";
				CODE_SIGN_STYLE = Automatic;
				DEVELOPMENT_TEAM = "";
				INFOPLIST_FILE = RundezvousS4/Info.plist;
				LD_RUNPATH_SEARCH_PATHS = "$(inherited) @executable_path/Frameworks";
				PRODUCT_BUNDLE_IDENTIFIER = ca.bcit.comp4977.RundezvousS4.Bryn;
				PRODUCT_NAME = "$(TARGET_NAME)";
				PROVISIONING_PROFILE_SPECIFIER = "";
				SWIFT_VERSION = 4.0;
				TARGETED_DEVICE_FAMILY = "1,2";
			};
			name = Debug;
		};
		60FA4A151F7EE15000C19574 /* Release */ = {
			isa = XCBuildConfiguration;
			baseConfigurationReference = F85E76589F0F4DE5D4D18778 /* Pods-RundezvousS4.release.xcconfig */;
			buildSettings = {
				ASSETCATALOG_COMPILER_APPICON_NAME = AppIcon;
				"CODE_SIGN_IDENTITY[sdk=iphoneos*]" = "iPhone Developer";
				CODE_SIGN_STYLE = Automatic;
				DEVELOPMENT_TEAM = "";
				INFOPLIST_FILE = RundezvousS4/Info.plist;
				LD_RUNPATH_SEARCH_PATHS = "$(inherited) @executable_path/Frameworks";
				PRODUCT_BUNDLE_IDENTIFIER = ca.bcit.comp4977.RundezvousS4.Bryn;
				PRODUCT_NAME = "$(TARGET_NAME)";
				PROVISIONING_PROFILE_SPECIFIER = "";
				SWIFT_VERSION = 4.0;
				TARGETED_DEVICE_FAMILY = "1,2";
			};
			name = Release;
		};
		60FA4A171F7EE15000C19574 /* Debug */ = {
			isa = XCBuildConfiguration;
			baseConfigurationReference = 61F18F914169B3129A177039 /* Pods-RundezvousS4Tests.debug.xcconfig */;
			buildSettings = {
				ALWAYS_EMBED_SWIFT_STANDARD_LIBRARIES = YES;
				BUNDLE_LOADER = "$(TEST_HOST)";
				CODE_SIGN_STYLE = Automatic;
				DEVELOPMENT_TEAM = QH5LSLE2U2;
				INFOPLIST_FILE = RundezvousS4Tests/Info.plist;
				LD_RUNPATH_SEARCH_PATHS = "$(inherited) @executable_path/Frameworks @loader_path/Frameworks";
				PRODUCT_BUNDLE_IDENTIFIER = com.mobilux.RundezvousS4Tests;
				PRODUCT_NAME = "$(TARGET_NAME)";
				SWIFT_VERSION = 4.0;
				TARGETED_DEVICE_FAMILY = "1,2";
				TEST_HOST = "$(BUILT_PRODUCTS_DIR)/RundezvousS4.app/RundezvousS4";
			};
			name = Debug;
		};
		60FA4A181F7EE15000C19574 /* Release */ = {
			isa = XCBuildConfiguration;
			baseConfigurationReference = C1909199D5F99D433E015EC6 /* Pods-RundezvousS4Tests.release.xcconfig */;
			buildSettings = {
				ALWAYS_EMBED_SWIFT_STANDARD_LIBRARIES = YES;
				BUNDLE_LOADER = "$(TEST_HOST)";
				CODE_SIGN_STYLE = Automatic;
				DEVELOPMENT_TEAM = QH5LSLE2U2;
				INFOPLIST_FILE = RundezvousS4Tests/Info.plist;
				LD_RUNPATH_SEARCH_PATHS = "$(inherited) @executable_path/Frameworks @loader_path/Frameworks";
				PRODUCT_BUNDLE_IDENTIFIER = com.mobilux.RundezvousS4Tests;
				PRODUCT_NAME = "$(TARGET_NAME)";
				SWIFT_VERSION = 4.0;
				TARGETED_DEVICE_FAMILY = "1,2";
				TEST_HOST = "$(BUILT_PRODUCTS_DIR)/RundezvousS4.app/RundezvousS4";
			};
			name = Release;
		};
/* End XCBuildConfiguration section */

/* Begin XCConfigurationList section */
		60FA49F11F7EE15000C19574 /* Build configuration list for PBXProject "RundezvousS4" */ = {
			isa = XCConfigurationList;
			buildConfigurations = (
				60FA4A111F7EE15000C19574 /* Debug */,
				60FA4A121F7EE15000C19574 /* Release */,
			);
			defaultConfigurationIsVisible = 0;
			defaultConfigurationName = Release;
		};
		60FA4A131F7EE15000C19574 /* Build configuration list for PBXNativeTarget "RundezvousS4" */ = {
			isa = XCConfigurationList;
			buildConfigurations = (
				60FA4A141F7EE15000C19574 /* Debug */,
				60FA4A151F7EE15000C19574 /* Release */,
			);
			defaultConfigurationIsVisible = 0;
			defaultConfigurationName = Release;
		};
		60FA4A161F7EE15000C19574 /* Build configuration list for PBXNativeTarget "RundezvousS4Tests" */ = {
			isa = XCConfigurationList;
			buildConfigurations = (
				60FA4A171F7EE15000C19574 /* Debug */,
				60FA4A181F7EE15000C19574 /* Release */,
			);
			defaultConfigurationIsVisible = 0;
			defaultConfigurationName = Release;
		};
/* End XCConfigurationList section */
	};
	rootObject = 60FA49EE1F7EE15000C19574 /* Project object */;
}
